
Microsoft Visual Studio Solution File, Format Version 12.00
# Visual Studio Version 16
VisualStudioVersion = 16.0.30104.148
MinimumVisualStudioVersion = 10.0.40219.1
Project("{FAE04EC0-301F-11D3-BF4B-00C04F79EFBC}") = "MyPassword", "MyPassword\MyPassword.csproj", "{567BB25F-FA61-4C8D-B3FF-37A6F6E39A80}"
EndProject
Project("{FAE04EC0-301F-11D3-BF4B-00C04F79EFBC}") = "MyPassword.Presentation", "MyPassword.Presentation\MyPassword.Presentation.csproj", "{048BD931-66DD-48BC-8EF4-E6D259B7B0AB}"
EndProject
Global
	GlobalSection(SolutionConfigurationPlatforms) = preSolution
		Debug|Any CPU = Debug|Any CPU
		Release|Any CPU = Release|Any CPU
	EndGlobalSection
	GlobalSection(ProjectConfigurationPlatforms) = postSolution
		{567BB25F-FA61-4C8D-B3FF-37A6F6E39A80}.Debug|Any CPU.ActiveCfg = Debug|Any CPU
		{567BB25F-FA61-4C8D-B3FF-37A6F6E39A80}.Debug|Any CPU.Build.0 = Debug|Any CPU
		{567BB25F-FA61-4C8D-B3FF-37A6F6E39A80}.Release|Any CPU.ActiveCfg = Release|Any CPU
		{567BB25F-FA61-4C8D-B3FF-37A6F6E39A80}.Release|Any CPU.Build.0 = Release|Any CPU
		{048BD931-66DD-48BC-8EF4-E6D259B7B0AB}.Debug|Any CPU.ActiveCfg = Debug|Any CPU
		{048BD931-66DD-48BC-8EF4-E6D259B7B0AB}.Debug|Any CPU.Build.0 = Debug|Any CPU
		{048BD931-66DD-48BC-8EF4-E6D259B7B0AB}.Release|Any CPU.ActiveCfg = Release|Any CPU
		{048BD931-66DD-48BC-8EF4-E6D259B7B0AB}.Release|Any CPU.Build.0 = Release|Any CPU
	EndGlobalSection
	GlobalSection(SolutionProperties) = preSolution
		HideSolutionNode = FALSE
	EndGlobalSection
	GlobalSection(ExtensibilityGlobals) = postSolution
		SolutionGuid = {D8659280-A5D8-4A7B-B153-50A42B66628B}
	EndGlobalSection
EndGlobal
